{
  "nodes": {
    "nixpkgs": {
      "locked": {
        "lastModified": 1778443072,
        "narHash": "sha256-zi7/fsqM/kFdNuED//4WOCUtezGtKKqRNORjMvfwjnA=",
        "owner": "NixOS",
        "repo": "nixpkgs",
        "rev": "da5ad661ba4e5ef59ba743f0d112cbc30e474f32",
        "type": "github"
      },
      "original": {
        "owner": "NixOS",
        "ref": "nixos-unstable",
        "repo": "nixpkgs",
        "type": "github"
      }
    },
    "rnvimsrc": {
      "flake": false,
      "locked": {
        "lastModified": 1780759435,
        "narHash": "sha256-VxgKMOP1hseQre3cas2dmMXZu4PVyl05INla2OdHTU4=",
        "owner": "R-nvim",
        "repo": "R.nvim",
        "rev": "6ca306191531c3e3d501ee1609c84a5d29059386",
        "type": "github"
      },
      "original": {
        "owner": "R-nvim",
        "ref": "v0.99.5",
        "repo": "R.nvim",
        "type": "github"
      }
    },
    "root": {
      "inputs": {
        "nixpkgs": "nixpkgs",
        "rnvimsrc": "rnvimsrc"
      }
    }
  },
  "root": "root",
  "version": 7
}
