{
  "nodes": {
    "nixpkgs": {
      "locked": {
        "lastModified": 1778443072,
        "narHash": "sha256-zi7/fsqM/kFdNuED//4WOCUtezGtKKqRNORjMvfwjnA=",
        "owner": "NixOS",
        "repo": "nixpkgs",
        "rev": "da5ad661ba4e5ef59ba743f0d112cbc30e474f32",
        "type": "github"
      },
      "original": {
        "owner": "NixOS",
        "ref": "nixos-unstable",
        "repo": "nixpkgs",
        "type": "github"
      }
    },
    "rnvimsrc": {
      "flake": false,
      "locked": {
        "lastModified": 1783264911,
        "narHash": "sha256-FywUL3mV2+kfu+rO6uUFyUv80EflbdgSkYuSnW965UE=",
        "owner": "R-nvim",
        "repo": "R.nvim",
        "rev": "c56ebe0f8445e251673981c40ac2d74659ecd6ed",
        "type": "github"
      },
      "original": {
        "owner": "R-nvim",
        "ref": "v1.0.0",
        "repo": "R.nvim",
        "type": "github"
      }
    },
    "root": {
      "inputs": {
        "nixpkgs": "nixpkgs",
        "rnvimsrc": "rnvimsrc"
      }
    }
  },
  "root": "root",
  "version": 7
}
